{
  "originHash" : "955a464e856b6806d52dc1babc302ff0f66b3e7c4681bd145a27dd336e627d1a",
  "pins" : [
    {
      "identity" : "capacitor-swift-pm",
      "kind" : "remoteSourceControl",
      "location" : "https://github.com/ionic-team/capacitor-swift-pm.git",
      "state" : {
        "revision" : "6a2a3feb25fda8df2a284d0818bc9c83e57a7d56",
        "version" : "8.3.0"
      }
    },
    {
      "identity" : "swift-bigint",
      "kind" : "remoteSourceControl",
      "location" : "https://github.com/mkrd/Swift-BigInt.git",
      "state" : {
        "revision" : "7e2117797cd1b608303cc2da1a3a2263cc4e7727",
        "version" : "2.4.0"
      }
    }
  ],
  "version" : 3
}
